
Microsoft Visual Studio Solution File, Format Version 12.00
# Visual Studio Version 17
VisualStudioVersion = 17.5.33414.496
MinimumVisualStudioVersion = 10.0.40219.1
Project("{FAE04EC0-301F-11D3-BF4B-00C04F79EFBC}") = "Inverter String", "Inverter String\Inverter String.csproj", "{F14285C6-9199-46E2-BCDC-FF8EDFC8CFF2}"
EndProject
Global
	GlobalSection(SolutionConfigurationPlatforms) = preSolution
		Debug|Any CPU = Debug|Any CPU
		Release|Any CPU = Release|Any CPU
	EndGlobalSection
	GlobalSection(ProjectConfigurationPlatforms) = postSolution
		{F14285C6-9199-46E2-BCDC-FF8EDFC8CFF2}.Debug|Any CPU.ActiveCfg = Debug|Any CPU
		{F14285C6-9199-46E2-BCDC-FF8EDFC8CFF2}.Debug|Any CPU.Build.0 = Debug|Any CPU
		{F14285C6-9199-46E2-BCDC-FF8EDFC8CFF2}.Release|Any CPU.ActiveCfg = Release|Any CPU
		{F14285C6-9199-46E2-BCDC-FF8EDFC8CFF2}.Release|Any CPU.Build.0 = Release|Any CPU
	EndGlobalSection
	GlobalSection(SolutionProperties) = preSolution
		HideSolutionNode = FALSE
	EndGlobalSection
	GlobalSection(ExtensibilityGlobals) = postSolution
		SolutionGuid = {1340E78B-FC79-4B58-9D0F-C0DD100660A3}
	EndGlobalSection
EndGlobal
